// !$*UTF8*$!
{
	archiveVersion = 1;
	classes = {
	};
	objectVersion = 56;
	objects = {

/* Begin PBXBuildFile section */
		1A2B3C4D5E6F7890ABCDEF01 /* MyCodeAssistantApp.swift in Sources */ = {isa = PBXBuildFile; fileRef = 1A2B3C4D5E6F7890ABCDEF02 /* MyCodeAssistantApp.swift */; };
		1A2B3C4D5E6F7890ABCDEF05 /* MyCodeAssistantExtension.appex in Embed Foundation Extensions */ = {isa = PBXBuildFile; fileRef = 1A2B3C4D5E6F7890ABCDEF06 /* MyCodeAssistantExtension.appex */; settings = {ATTRIBUTES = (RemoveHeadersOnCopy, ); }; };
		1A2B3C4D5E6F7890ABCDEF07 /* SourceEditorExtension.swift in Sources */ = {isa = PBXBuildFile; fileRef = 1A2B3C4D5E6F7890ABCDEF08 /* SourceEditorExtension.swift */; };
		1A2B3C4D5E6F7890ABCDEF09 /* SourceEditorCommand.swift in Sources */ = {isa = PBXBuildFile; fileRef = 1A2B3C4D5E6F7890ABCDEF0A /* SourceEditorCommand.swift */; };
		2A3B4C5D6E7F8901BCDEF012 /* LLMProvider.swift in Sources */ = {isa = PBXBuildFile; fileRef = 2A3B4C5D6E7F8901BCDEF013 /* LLMProvider.swift */; };
		2A3B4C5D6E7F8901BCDEF014 /* AppSettings.swift in Sources */ = {isa = PBXBuildFile; fileRef = 2A3B4C5D6E7F8901BCDEF015 /* AppSettings.swift */; };
		2A3B4C5D6E7F8901BCDEF016 /* ChatMessage.swift in Sources */ = {isa = PBXBuildFile; fileRef = 2A3B4C5D6E7F8901BCDEF017 /* ChatMessage.swift */; };
		2A3B4C5D6E7F8901BCDEF018 /* UnifiedRequest.swift in Sources */ = {isa = PBXBuildFile; fileRef = 2A3B4C5D6E7F8901BCDEF019 /* UnifiedRequest.swift */; };
		2A3B4C5D6E7F8901BCDEF01A /* LLMProviderProtocol.swift in Sources */ = {isa = PBXBuildFile; fileRef = 2A3B4C5D6E7F8901BCDEF01B /* LLMProviderProtocol.swift */; };
		2A3B4C5D6E7F8901BCDEF01C /* BaseProvider.swift in Sources */ = {isa = PBXBuildFile; fileRef = 2A3B4C5D6E7F8901BCDEF01D /* BaseProvider.swift */; };
		2A3B4C5D6E7F8901BCDEF01E /* OpenAIProvider.swift in Sources */ = {isa = PBXBuildFile; fileRef = 2A3B4C5D6E7F8901BCDEF01F /* OpenAIProvider.swift */; };
		2A3B4C5D6E7F8901BCDEF020 /* OpenRouterProvider.swift in Sources */ = {isa = PBXBuildFile; fileRef = 2A3B4C5D6E7F8901BCDEF021 /* OpenRouterProvider.swift */; };
		2A3B4C5D6E7F8901BCDEF022 /* APIKeyManager.swift in Sources */ = {isa = PBXBuildFile; fileRef = 2A3B4C5D6E7F8901BCDEF023 /* APIKeyManager.swift */; };
		2A3B4C5D6E7F8901BCDEF024 /* ConversationManager.swift in Sources */ = {isa = PBXBuildFile; fileRef = 2A3B4C5D6E7F8901BCDEF025 /* ConversationManager.swift */; };
		2A3B4C5D6E7F8901BCDEF026 /* ProviderFactory.swift in Sources */ = {isa = PBXBuildFile; fileRef = 2A3B4C5D6E7F8901BCDEF027 /* ProviderFactory.swift */; };
		2A3B4C5D6E7F8901BCDEF028 /* SharedServices.swift in Sources */ = {isa = PBXBuildFile; fileRef = 2A3B4C5D6E7F8901BCDEF029 /* SharedServices.swift */; };
		2A3B4C5D6E7F8901BCDEF02A /* ErrorHandling.swift in Sources */ = {isa = PBXBuildFile; fileRef = 2A3B4C5D6E7F8901BCDEF02B /* ErrorHandling.swift */; };
		2A3B4C5D6E7F8901BCDEF02C /* NetworkUtilities.swift in Sources */ = {isa = PBXBuildFile; fileRef = 2A3B4C5D6E7F8901BCDEF02D /* NetworkUtilities.swift */; };
		2A3B4C5D6E7F8901BCDEF02E /* App.swift in Sources */ = {isa = PBXBuildFile; fileRef = 2A3B4C5D6E7F8901BCDEF02F /* App.swift */; };
		2A3B4C5D6E7F8901BCDEF030 /* ChatViewModel.swift in Sources */ = {isa = PBXBuildFile; fileRef = 2A3B4C5D6E7F8901BCDEF031 /* ChatViewModel.swift */; };
		2A3B4C5D6E7F8901BCDEF032 /* ContentView.swift in Sources */ = {isa = PBXBuildFile; fileRef = 2A3B4C5D6E7F8901BCDEF033 /* ContentView.swift */; };
		2A3B4C5D6E7F8901BCDEF034 /* FormatterTests.swift in Sources */ = {isa = PBXBuildFile; fileRef = 2A3B4C5D6E7F8901BCDEF035 /* FormatterTests.swift */; };
		2A3B4C5D6E7F8901BCDEF036 /* InputBar.swift in Sources */ = {isa = PBXBuildFile; fileRef = 2A3B4C5D6E7F8901BCDEF037 /* InputBar.swift */; };
		2A3B4C5D6E7F8901BCDEF038 /* MessageCard.swift in Sources */ = {isa = PBXBuildFile; fileRef = 2A3B4C5D6E7F8901BCDEF039 /* MessageCard.swift */; };
		2A3B4C5D6E7F8901BCDEF03A /* ResponseFormatter.swift in Sources */ = {isa = PBXBuildFile; fileRef = 2A3B4C5D6E7F8901BCDEF03B /* ResponseFormatter.swift */; };
		2A3B4C5D6E7F8901BCDEF03C /* SettingsView.swift in Sources */ = {isa = PBXBuildFile; fileRef = 2A3B4C5D6E7F8901BCDEF03D /* SettingsView.swift */; };
		3A4B5C6D7E8F9012CDEF0150 /* GuardrailService.swift in Sources */ = {isa = PBXBuildFile; fileRef = 3A4B5C6D7E8F9012CDEF0151 /* GuardrailService.swift */; };
/* End PBXBuildFile section */

/* Begin PBXContainerItemProxy section */
		1A2B3C4D5E6F7890ABCDEF0B /* PBXContainerItemProxy */ = {
			isa = PBXContainerItemProxy;
			containerPortal = 1A2B3C4D5E6F7890ABCDEF20 /* Project object */;
			proxyType = 1;
			remoteGlobalIDString = 1A2B3C4D5E6F7890ABCDEF0C;
			remoteInfo = MyCodeAssistantExtension;
		};
/* End PBXContainerItemProxy section */

/* Begin PBXCopyFilesBuildPhase section */
		1A2B3C4D5E6F7890ABCDEF0D /* Embed Foundation Extensions */ = {
			isa = PBXCopyFilesBuildPhase;
			buildActionMask = 2147483647;
			dstPath = "";
			dstSubfolderSpec = 13;
			files = (
				1A2B3C4D5E6F7890ABCDEF05 /* MyCodeAssistantExtension.appex in Embed Foundation Extensions */,
			);
			name = "Embed Foundation Extensions";
			runOnlyForDeploymentPostprocessing = 0;
		};
/* End PBXCopyFilesBuildPhase section */

/* Begin PBXFileReference section */
		1A2B3C4D5E6F7890ABCDEF0E /* MyCodeAssistantHost.app */ = {isa = PBXFileReference; explicitFileType = wrapper.application; includeInIndex = 0; path = MyCodeAssistantHost.app; sourceTree = BUILT_PRODUCTS_DIR; };
		1A2B3C4D5E6F7890ABCDEF02 /* MyCodeAssistantApp.swift */ = {isa = PBXFileReference; lastKnownFileType = sourcecode.swift; path = MyCodeAssistantApp.swift; sourceTree = "<group>"; };
		1A2B3C4D5E6F7890ABCDEF06 /* MyCodeAssistantExtension.appex */ = {isa = PBXFileReference; explicitFileType = "wrapper.app-extension"; includeInIndex = 0; path = MyCodeAssistantExtension.appex; sourceTree = BUILT_PRODUCTS_DIR; };
		1A2B3C4D5E6F7890ABCDEF0F /* MyCodeAssistantExtension-Info.plist */ = {isa = PBXFileReference; lastKnownFileType = text.plist.xml; path = "MyCodeAssistantExtension-Info.plist"; sourceTree = "<group>"; };
		1A2B3C4D5E6F7890ABCDEF08 /* SourceEditorExtension.swift */ = {isa = PBXFileReference; lastKnownFileType = sourcecode.swift; path = SourceEditorExtension.swift; sourceTree = "<group>"; };
		1A2B3C4D5E6F7890ABCDEF0A /* SourceEditorCommand.swift */ = {isa = PBXFileReference; lastKnownFileType = sourcecode.swift; path = SourceEditorCommand.swift; sourceTree = "<group>"; };
		1A2B3C4D5E6F7890ABCDEF10 /* MyCodeAssistantHost-Info.plist */ = {isa = PBXFileReference; lastKnownFileType = text.plist.xml; path = "MyCodeAssistantHost-Info.plist"; sourceTree = "<group>"; };
		2A3B4C5D6E7F8901BCDEF013 /* LLMProvider.swift */ = {isa = PBXFileReference; lastKnownFileType = sourcecode.swift; path = LLMProvider.swift; sourceTree = "<group>"; };
		2A3B4C5D6E7F8901BCDEF015 /* AppSettings.swift */ = {isa = PBXFileReference; lastKnownFileType = sourcecode.swift; path = AppSettings.swift; sourceTree = "<group>"; };
		2A3B4C5D6E7F8901BCDEF017 /* ChatMessage.swift */ = {isa = PBXFileReference; lastKnownFileType = sourcecode.swift; path = ChatMessage.swift; sourceTree = "<group>"; };
		2A3B4C5D6E7F8901BCDEF019 /* UnifiedRequest.swift */ = {isa = PBXFileReference; lastKnownFileType = sourcecode.swift; path = UnifiedRequest.swift; sourceTree = "<group>"; };
		2A3B4C5D6E7F8901BCDEF01B /* LLMProviderProtocol.swift */ = {isa = PBXFileReference; lastKnownFileType = sourcecode.swift; path = LLMProviderProtocol.swift; sourceTree = "<group>"; };
		2A3B4C5D6E7F8901BCDEF01D /* BaseProvider.swift */ = {isa = PBXFileReference; lastKnownFileType = sourcecode.swift; path = BaseProvider.swift; sourceTree = "<group>"; };
		2A3B4C5D6E7F8901BCDEF01F /* OpenAIProvider.swift */ = {isa = PBXFileReference; lastKnownFileType = sourcecode.swift; path = OpenAIProvider.swift; sourceTree = "<group>"; };
		2A3B4C5D6E7F8901BCDEF021 /* OpenRouterProvider.swift */ = {isa = PBXFileReference; lastKnownFileType = sourcecode.swift; path = OpenRouterProvider.swift; sourceTree = "<group>"; };
		2A3B4C5D6E7F8901BCDEF023 /* APIKeyManager.swift */ = {isa = PBXFileReference; lastKnownFileType = sourcecode.swift; path = APIKeyManager.swift; sourceTree = "<group>"; };
		2A3B4C5D6E7F8901BCDEF025 /* ConversationManager.swift */ = {isa = PBXFileReference; lastKnownFileType = sourcecode.swift; path = ConversationManager.swift; sourceTree = "<group>"; };
		2A3B4C5D6E7F8901BCDEF027 /* ProviderFactory.swift */ = {isa = PBXFileReference; lastKnownFileType = sourcecode.swift; path = ProviderFactory.swift; sourceTree = "<group>"; };
		2A3B4C5D6E7F8901BCDEF029 /* SharedServices.swift */ = {isa = PBXFileReference; lastKnownFileType = sourcecode.swift; path = SharedServices.swift; sourceTree = "<group>"; };
		2A3B4C5D6E7F8901BCDEF02B /* ErrorHandling.swift */ = {isa = PBXFileReference; lastKnownFileType = sourcecode.swift; path = ErrorHandling.swift; sourceTree = "<group>"; };
		2A3B4C5D6E7F8901BCDEF02D /* NetworkUtilities.swift */ = {isa = PBXFileReference; lastKnownFileType = sourcecode.swift; path = NetworkUtilities.swift; sourceTree = "<group>"; };
		2A3B4C5D6E7F8901BCDEF02F /* App.swift */ = {isa = PBXFileReference; lastKnownFileType = sourcecode.swift; path = App.swift; sourceTree = "<group>"; };
		2A3B4C5D6E7F8901BCDEF031 /* ChatViewModel.swift */ = {isa = PBXFileReference; lastKnownFileType = sourcecode.swift; path = ChatViewModel.swift; sourceTree = "<group>"; };
		2A3B4C5D6E7F8901BCDEF033 /* ContentView.swift */ = {isa = PBXFileReference; lastKnownFileType = sourcecode.swift; path = ContentView.swift; sourceTree = "<group>"; };
		2A3B4C5D6E7F8901BCDEF035 /* FormatterTests.swift */ = {isa = PBXFileReference; lastKnownFileType = sourcecode.swift; path = FormatterTests.swift; sourceTree = "<group>"; };
		2A3B4C5D6E7F8901BCDEF037 /* InputBar.swift */ = {isa = PBXFileReference; lastKnownFileType = sourcecode.swift; path = InputBar.swift; sourceTree = "<group>"; };
		2A3B4C5D6E7F8901BCDEF039 /* MessageCard.swift */ = {isa = PBXFileReference; lastKnownFileType = sourcecode.swift; path = MessageCard.swift; sourceTree = "<group>"; };
		2A3B4C5D6E7F8901BCDEF03B /* ResponseFormatter.swift */ = {isa = PBXFileReference; lastKnownFileType = sourcecode.swift; path = ResponseFormatter.swift; sourceTree = "<group>"; };
		2A3B4C5D6E7F8901BCDEF03D /* SettingsView.swift */ = {isa = PBXFileReference; lastKnownFileType = sourcecode.swift; path = SettingsView.swift; sourceTree = "<group>"; };
		3A4B5C6D7E8F9012CDEF0151 /* GuardrailService.swift */ = {isa = PBXFileReference; lastKnownFileType = sourcecode.swift; path = GuardrailService.swift; sourceTree = "<group>"; };
/* End PBXFileReference section */

/* Begin PBXFrameworksBuildPhase section */
		1A2B3C4D5E6F7890ABCDEF11 /* Frameworks */ = {
			isa = PBXFrameworksBuildPhase;
			buildActionMask = 2147483647;
			files = (
			);
			runOnlyForDeploymentPostprocessing = 0;
		};
		1A2B3C4D5E6F7890ABCDEF12 /* Frameworks */ = {
			isa = PBXFrameworksBuildPhase;
			buildActionMask = 2147483647;
			files = (
			);
			runOnlyForDeploymentPostprocessing = 0;
		};
/* End PBXFrameworksBuildPhase section */

/* Begin PBXGroup section */
		1A2B3C4D5E6F7890ABCDEF13 = {
			isa = PBXGroup;
			children = (
				1A2B3C4D5E6F7890ABCDEF14 /* MyCodeAssistantHost */,
				1A2B3C4D5E6F7890ABCDEF15 /* MyCodeAssistantExtension */,
				1A2B3C4D5E6F7890ABCDEF16 /* Products */,
			);
			sourceTree = "<group>";
		};
		1A2B3C4D5E6F7890ABCDEF14 /* MyCodeAssistantHost */ = {
			isa = PBXGroup;
			children = (
				1A2B3C4D5E6F7890ABCDEF02 /* MyCodeAssistantApp.swift */,
				3A4B5C6D7E8F9012CDEF0140 /* Core */,
				3A4B5C6D7E8F9012CDEF0141 /* SwiftUI */,
				1A2B3C4D5E6F7890ABCDEF10 /* MyCodeAssistantHost-Info.plist */,
			);
			path = MyCodeAssistantHost;
			sourceTree = "<group>";
		};
		3A4B5C6D7E8F9012CDEF0140 /* Core */ = {
			isa = PBXGroup;
			children = (
				3A4B5C6D7E8F9012CDEF0142 /* Enums */,
				3A4B5C6D7E8F9012CDEF0143 /* Models */,
				3A4B5C6D7E8F9012CDEF0144 /* Protocols */,
				3A4B5C6D7E8F9012CDEF0145 /* Providers */,
				3A4B5C6D7E8F9012CDEF0146 /* Services */,
				3A4B5C6D7E8F9012CDEF0147 /* Utilities */,
			);
			path = Core;
			sourceTree = "<group>";
		};
		3A4B5C6D7E8F9012CDEF0141 /* SwiftUI */ = {
			isa = PBXGroup;
			children = (
				2A3B4C5D6E7F8901BCDEF02F /* App.swift */,
				2A3B4C5D6E7F8901BCDEF031 /* ChatViewModel.swift */,
				2A3B4C5D6E7F8901BCDEF033 /* ContentView.swift */,
				2A3B4C5D6E7F8901BCDEF035 /* FormatterTests.swift */,
				2A3B4C5D6E7F8901BCDEF037 /* InputBar.swift */,
				2A3B4C5D6E7F8901BCDEF039 /* MessageCard.swift */,
				2A3B4C5D6E7F8901BCDEF03B /* ResponseFormatter.swift */,
				2A3B4C5D6E7F8901BCDEF03D /* SettingsView.swift */,
			);
			path = SwiftUI;
			sourceTree = "<group>";
		};
		3A4B5C6D7E8F9012CDEF0142 /* Enums */ = {
			isa = PBXGroup;
			children = (
				2A3B4C5D6E7F8901BCDEF013 /* LLMProvider.swift */,
			);
			path = Enums;
			sourceTree = "<group>";
		};
		3A4B5C6D7E8F9012CDEF0143 /* Models */ = {
			isa = PBXGroup;
			children = (
				2A3B4C5D6E7F8901BCDEF015 /* AppSettings.swift */,
				2A3B4C5D6E7F8901BCDEF017 /* ChatMessage.swift */,
				2A3B4C5D6E7F8901BCDEF019 /* UnifiedRequest.swift */,
			);
			path = Models;
			sourceTree = "<group>";
		};
		3A4B5C6D7E8F9012CDEF0144 /* Protocols */ = {
			isa = PBXGroup;
			children = (
				2A3B4C5D6E7F8901BCDEF01B /* LLMProviderProtocol.swift */,
			);
			path = Protocols;
			sourceTree = "<group>";
		};
		3A4B5C6D7E8F9012CDEF0145 /* Providers */ = {
			isa = PBXGroup;
			children = (
				2A3B4C5D6E7F8901BCDEF01D /* BaseProvider.swift */,
				2A3B4C5D6E7F8901BCDEF01F /* OpenAIProvider.swift */,
				2A3B4C5D6E7F8901BCDEF021 /* OpenRouterProvider.swift */,
			);
			path = Providers;
			sourceTree = "<group>";
		};
		3A4B5C6D7E8F9012CDEF0146 /* Services */ = {
			isa = PBXGroup;
			children = (
				2A3B4C5D6E7F8901BCDEF023 /* APIKeyManager.swift */,
				2A3B4C5D6E7F8901BCDEF025 /* ConversationManager.swift */,
				2A3B4C5D6E7F8901BCDEF027 /* ProviderFactory.swift */,
				2A3B4C5D6E7F8901BCDEF029 /* SharedServices.swift */,
				3A4B5C6D7E8F9012CDEF0151 /* GuardrailService.swift */,
			);
			path = Services;
			sourceTree = "<group>";
		};
		3A4B5C6D7E8F9012CDEF0147 /* Utilities */ = {
			isa = PBXGroup;
			children = (
				2A3B4C5D6E7F8901BCDEF02B /* ErrorHandling.swift */,
				2A3B4C5D6E7F8901BCDEF02D /* NetworkUtilities.swift */,
			);
			path = Utilities;
			sourceTree = "<group>";
		};
		1A2B3C4D5E6F7890ABCDEF15 /* MyCodeAssistantExtension */ = {
			isa = PBXGroup;
			children = (
				1A2B3C4D5E6F7890ABCDEF08 /* SourceEditorExtension.swift */,
				1A2B3C4D5E6F7890ABCDEF0A /* SourceEditorCommand.swift */,
				1A2B3C4D5E6F7890ABCDEF0F /* MyCodeAssistantExtension-Info.plist */,
			);
			path = MyCodeAssistantExtension;
			sourceTree = "<group>";
		};
		1A2B3C4D5E6F7890ABCDEF16 /* Products */ = {
			isa = PBXGroup;
			children = (
				1A2B3C4D5E6F7890ABCDEF0E /* MyCodeAssistantHost.app */,
				1A2B3C4D5E6F7890ABCDEF06 /* MyCodeAssistantExtension.appex */,
			);
			name = Products;
			sourceTree = "<group>";
		};
/* End PBXGroup section */

/* Begin PBXNativeTarget section */
		1A2B3C4D5E6F7890ABCDEF17 /* MyCodeAssistantHost */ = {
			isa = PBXNativeTarget;
			buildConfigurationList = 1A2B3C4D5E6F7890ABCDEF18 /* Build configuration list for PBXNativeTarget "MyCodeAssistantHost" */;
			buildPhases = (
				1A2B3C4D5E6F7890ABCDEF19 /* Sources */,
				1A2B3C4D5E6F7890ABCDEF11 /* Frameworks */,
				1A2B3C4D5E6F7890ABCDEF1A /* Resources */,
				1A2B3C4D5E6F7890ABCDEF0D /* Embed Foundation Extensions */,
			);
			buildRules = (
			);
			dependencies = (
				1A2B3C4D5E6F7890ABCDEF1B /* PBXTargetDependency */,
			);
			name = MyCodeAssistantHost;
			productName = MyCodeAssistantHost;
			productReference = 1A2B3C4D5E6F7890ABCDEF0E /* MyCodeAssistantHost.app */;
			productType = "com.apple.product-type.application";
		};
		1A2B3C4D5E6F7890ABCDEF0C /* MyCodeAssistantExtension */ = {
			isa = PBXNativeTarget;
			buildConfigurationList = 1A2B3C4D5E6F7890ABCDEF1C /* Build configuration list for PBXNativeTarget "MyCodeAssistantExtension" */;
			buildPhases = (
				1A2B3C4D5E6F7890ABCDEF1D /* Sources */,
				1A2B3C4D5E6F7890ABCDEF12 /* Frameworks */,
				1A2B3C4D5E6F7890ABCDEF1E /* Resources */,
			);
			buildRules = (
			);
			dependencies = (
			);
			name = MyCodeAssistantExtension;
			productName = MyCodeAssistantExtension;
			productReference = 1A2B3C4D5E6F7890ABCDEF06 /* MyCodeAssistantExtension.appex */;
			productType = "com.apple.product-type.xcode-extension";
		};
/* End PBXNativeTarget section */

/* Begin PBXProject section */
		1A2B3C4D5E6F7890ABCDEF20 /* Project object */ = {
			isa = PBXProject;
			attributes = {
				BuildIndependentTargetsInParallel = 1;
				LastSwiftUpdateCheck = 1500;
				LastUpgradeCheck = 1500;
				TargetAttributes = {
					1A2B3C4D5E6F7890ABCDEF17 = {
						CreatedOnToolsVersion = 15.0;
					};
					1A2B3C4D5E6F7890ABCDEF0C = {
						CreatedOnToolsVersion = 15.0;
					};
				};
			};
			buildConfigurationList = 1A2B3C4D5E6F7890ABCDEF21 /* Build configuration list for PBXProject "MyCodeAssistant" */;
			compatibilityVersion = "Xcode 14.0";
			developmentRegion = en;
			hasScannedForEncodings = 0;
			knownRegions = (
				en,
				Base,
			);
			mainGroup = 1A2B3C4D5E6F7890ABCDEF13;
			productRefGroup = 1A2B3C4D5E6F7890ABCDEF16 /* Products */;
			projectDirPath = "";
			projectRoot = "";
			targets = (
				1A2B3C4D5E6F7890ABCDEF17 /* MyCodeAssistantHost */,
				1A2B3C4D5E6F7890ABCDEF0C /* MyCodeAssistantExtension */,
			);
		};
/* End PBXProject section */

/* Begin PBXResourcesBuildPhase section */
		1A2B3C4D5E6F7890ABCDEF1A /* Resources */ = {
			isa = PBXResourcesBuildPhase;
			buildActionMask = 2147483647;
			files = (
			);
			runOnlyForDeploymentPostprocessing = 0;
		};
		1A2B3C4D5E6F7890ABCDEF1E /* Resources */ = {
			isa = PBXResourcesBuildPhase;
			buildActionMask = 2147483647;
			files = (
			);
			runOnlyForDeploymentPostprocessing = 0;
		};
/* End PBXResourcesBuildPhase section */

/* Begin PBXSourcesBuildPhase section */
		1A2B3C4D5E6F7890ABCDEF19 /* Sources */ = {
			isa = PBXSourcesBuildPhase;
			buildActionMask = 2147483647;
			files = (
				1A2B3C4D5E6F7890ABCDEF01 /* MyCodeAssistantApp.swift in Sources */,
				2A3B4C5D6E7F8901BCDEF012 /* LLMProvider.swift in Sources */,
				2A3B4C5D6E7F8901BCDEF014 /* AppSettings.swift in Sources */,
				2A3B4C5D6E7F8901BCDEF016 /* ChatMessage.swift in Sources */,
				2A3B4C5D6E7F8901BCDEF018 /* UnifiedRequest.swift in Sources */,
				2A3B4C5D6E7F8901BCDEF01A /* LLMProviderProtocol.swift in Sources */,
				2A3B4C5D6E7F8901BCDEF01C /* BaseProvider.swift in Sources */,
				2A3B4C5D6E7F8901BCDEF01E /* OpenAIProvider.swift in Sources */,
				2A3B4C5D6E7F8901BCDEF020 /* OpenRouterProvider.swift in Sources */,
				2A3B4C5D6E7F8901BCDEF022 /* APIKeyManager.swift in Sources */,
				2A3B4C5D6E7F8901BCDEF024 /* ConversationManager.swift in Sources */,
				2A3B4C5D6E7F8901BCDEF026 /* ProviderFactory.swift in Sources */,
				2A3B4C5D6E7F8901BCDEF028 /* SharedServices.swift in Sources */,
				2A3B4C5D6E7F8901BCDEF02A /* ErrorHandling.swift in Sources */,
				2A3B4C5D6E7F8901BCDEF02C /* NetworkUtilities.swift in Sources */,
				2A3B4C5D6E7F8901BCDEF02E /* App.swift in Sources */,
				2A3B4C5D6E7F8901BCDEF030 /* ChatViewModel.swift in Sources */,
				2A3B4C5D6E7F8901BCDEF032 /* ContentView.swift in Sources */,
				2A3B4C5D6E7F8901BCDEF034 /* FormatterTests.swift in Sources */,
				2A3B4C5D6E7F8901BCDEF036 /* InputBar.swift in Sources */,
				2A3B4C5D6E7F8901BCDEF038 /* MessageCard.swift in Sources */,
				2A3B4C5D6E7F8901BCDEF03A /* ResponseFormatter.swift in Sources */,
				2A3B4C5D6E7F8901BCDEF03C /* SettingsView.swift in Sources */,
				3A4B5C6D7E8F9012CDEF0150 /* GuardrailService.swift in Sources */,
			);
			runOnlyForDeploymentPostprocessing = 0;
		};
		1A2B3C4D5E6F7890ABCDEF1D /* Sources */ = {
			isa = PBXSourcesBuildPhase;
			buildActionMask = 2147483647;
			files = (
				1A2B3C4D5E6F7890ABCDEF09 /* SourceEditorCommand.swift in Sources */,
				1A2B3C4D5E6F7890ABCDEF07 /* SourceEditorExtension.swift in Sources */,
			);
			runOnlyForDeploymentPostprocessing = 0;
		};
/* End PBXSourcesBuildPhase section */

/* Begin PBXTargetDependency section */
		1A2B3C4D5E6F7890ABCDEF1B /* PBXTargetDependency */ = {
			isa = PBXTargetDependency;
			target = 1A2B3C4D5E6F7890ABCDEF0C /* MyCodeAssistantExtension */;
			targetProxy = 1A2B3C4D5E6F7890ABCDEF0B /* PBXContainerItemProxy */;
		};
/* End PBXTargetDependency section */

/* Begin XCBuildConfiguration section */
		1A2B3C4D5E6F7890ABCDEF22 /* Debug */ = {
			isa = XCBuildConfiguration;
			buildSettings = {
				ALWAYS_SEARCH_USER_PATHS = NO;
				ASSETCATALOG_COMPILER_GENERATE_SWIFT_ASSET_SYMBOL_EXTENSIONS = YES;
				CLANG_ANALYZER_NONNULL = YES;
				CLANG_ANALYZER_NUMBER_OBJECT_CONVERSION = YES_AGGRESSIVE;
				CLANG_CXX_LANGUAGE_STANDARD = "gnu++20";
				CLANG_ENABLE_MODULES = YES;
				CLANG_ENABLE_OBJC_ARC = YES;
				CLANG_ENABLE_OBJC_WEAK = YES;
				CLANG_WARN_BLOCK_CAPTURE_AUTORELEASING = YES;
				CLANG_WARN_BOOL_CONVERSION = YES;
				CLANG_WARN_COMMA = YES;
				CLANG_WARN_CONSTANT_CONVERSION = YES;
				CLANG_WARN_DEPRECATED_OBJC_IMPLEMENTATIONS = YES;
				CLANG_WARN_DIRECT_OBJC_ISA_USAGE = YES_ERROR;
				CLANG_WARN_DOCUMENTATION_COMMENTS = YES;
				CLANG_WARN_EMPTY_BODY = YES;
				CLANG_WARN_ENUM_CONVERSION = YES;
				CLANG_WARN_INFINITE_RECURSION = YES;
				CLANG_WARN_INT_CONVERSION = YES;
				CLANG_WARN_NON_LITERAL_NULL_CONVERSION = YES;
				CLANG_WARN_OBJC_IMPLICIT_RETAIN_SELF = YES;
				CLANG_WARN_OBJC_LITERAL_CONVERSION = YES;
				CLANG_WARN_OBJC_ROOT_CLASS = YES_ERROR;
				CLANG_WARN_QUOTED_INCLUDE_IN_FRAMEWORK_HEADER = YES;
				CLANG_WARN_RANGE_LOOP_ANALYSIS = YES;
				CLANG_WARN_STRICT_PROTOTYPES = YES;
				CLANG_WARN_SUSPICIOUS_MOVE = YES;
				CLANG_WARN_UNGUARDED_AVAILABILITY = YES_AGGRESSIVE;
				CLANG_WARN_UNREACHABLE_CODE = YES;
				CLANG_WARN__DUPLICATE_METHOD_MATCH = YES;
				COPY_PHASE_STRIP = NO;
				DEBUG_INFORMATION_FORMAT = dwarf;
				ENABLE_STRICT_OBJC_MSGSEND = YES;
				ENABLE_TESTABILITY = YES;
				ENABLE_USER_SCRIPT_SANDBOXING = YES;
				GCC_C_LANGUAGE_STANDARD = gnu17;
				GCC_DYNAMIC_NO_PIC = NO;
				GCC_NO_COMMON_BLOCKS = YES;
				GCC_OPTIMIZATION_LEVEL = 0;
				GCC_PREPROCESSOR_DEFINITIONS = (
					"DEBUG=1",
					"$(inherited)",
				);
				GCC_WARN_64_TO_32_BIT_CONVERSION = YES;
				GCC_WARN_ABOUT_RETURN_TYPE = YES_ERROR;
				GCC_WARN_UNDECLARED_SELECTOR = YES;
				GCC_WARN_UNINITIALIZED_AUTOS = YES_AGGRESSIVE;
				GCC_WARN_UNUSED_FUNCTION = YES;
				GCC_WARN_UNUSED_VARIABLE = YES;
				LOCALIZATION_PREFERS_STRING_CATALOGS = YES;
				MACOSX_DEPLOYMENT_TARGET = 13.0;
				MTL_ENABLE_DEBUG_INFO = INCLUDE_SOURCE;
				MTL_FAST_MATH = YES;
				ONLY_ACTIVE_ARCH = YES;
				SDKROOT = macosx;
				SWIFT_ACTIVE_COMPILATION_CONDITIONS = "DEBUG $(inherited)";
				SWIFT_OPTIMIZATION_LEVEL = "-Onone";
			};
			name = Debug;
		};
		1A2B3C4D5E6F7890ABCDEF23 /* Release */ = {
			isa = XCBuildConfiguration;
			buildSettings = {
				ALWAYS_SEARCH_USER_PATHS = NO;
				ASSETCATALOG_COMPILER_GENERATE_SWIFT_ASSET_SYMBOL_EXTENSIONS = YES;
				CLANG_ANALYZER_NONNULL = YES;
				CLANG_ANALYZER_NUMBER_OBJECT_CONVERSION = YES_AGGRESSIVE;
				CLANG_CXX_LANGUAGE_STANDARD = "gnu++20";
				CLANG_ENABLE_MODULES = YES;
				CLANG_ENABLE_OBJC_ARC = YES;
				CLANG_ENABLE_OBJC_WEAK = YES;
				CLANG_WARN_BLOCK_CAPTURE_AUTORELEASING = YES;
				CLANG_WARN_BOOL_CONVERSION = YES;
				CLANG_WARN_COMMA = YES;
				CLANG_WARN_CONSTANT_CONVERSION = YES;
				CLANG_WARN_DEPRECATED_OBJC_IMPLEMENTATIONS = YES;
				CLANG_WARN_DIRECT_OBJC_ISA_USAGE = YES_ERROR;
				CLANG_WARN_DOCUMENTATION_COMMENTS = YES;
				CLANG_WARN_EMPTY_BODY = YES;
				CLANG_WARN_ENUM_CONVERSION = YES;
				CLANG_WARN_INFINITE_RECURSION = YES;
				CLANG_WARN_INT_CONVERSION = YES;
				CLANG_WARN_NON_LITERAL_NULL_CONVERSION = YES;
				CLANG_WARN_OBJC_IMPLICIT_RETAIN_SELF = YES;
				CLANG_WARN_OBJC_LITERAL_CONVERSION = YES;
				CLANG_WARN_OBJC_ROOT_CLASS = YES_ERROR;
				CLANG_WARN_QUOTED_INCLUDE_IN_FRAMEWORK_HEADER = YES;
				CLANG_WARN_RANGE_LOOP_ANALYSIS = YES;
				CLANG_WARN_STRICT_PROTOTYPES = YES;
				CLANG_WARN_SUSPICIOUS_MOVE = YES;
				CLANG_WARN_UNGUARDED_AVAILABILITY = YES_AGGRESSIVE;
				CLANG_WARN_UNREACHABLE_CODE = YES;
				CLANG_WARN__DUPLICATE_METHOD_MATCH = YES;
				COPY_PHASE_STRIP = NO;
				DEBUG_INFORMATION_FORMAT = "dwarf-with-dsym";
				ENABLE_NS_ASSERTIONS = NO;
				ENABLE_STRICT_OBJC_MSGSEND = YES;
				ENABLE_USER_SCRIPT_SANDBOXING = YES;
				GCC_C_LANGUAGE_STANDARD = gnu17;
				GCC_NO_COMMON_BLOCKS = YES;
				GCC_WARN_64_TO_32_BIT_CONVERSION = YES;
				GCC_WARN_ABOUT_RETURN_TYPE = YES_ERROR;
				GCC_WARN_UNDECLARED_SELECTOR = YES;
				GCC_WARN_UNINITIALIZED_AUTOS = YES_AGGRESSIVE;
				GCC_WARN_UNUSED_FUNCTION = YES;
				GCC_WARN_UNUSED_VARIABLE = YES;
				LOCALIZATION_PREFERS_STRING_CATALOGS = YES;
				MACOSX_DEPLOYMENT_TARGET = 13.0;
				MTL_ENABLE_DEBUG_INFO = NO;
				MTL_FAST_MATH = YES;
				SDKROOT = macosx;
				SWIFT_COMPILATION_MODE = wholemodule;
			};
			name = Release;
		};
		1A2B3C4D5E6F7890ABCDEF24 /* Debug */ = {
			isa = XCBuildConfiguration;
			buildSettings = {
				ASSETCATALOG_COMPILER_APPICON_NAME = AppIcon;
				ASSETCATALOG_COMPILER_GLOBAL_ACCENT_COLOR_NAME = AccentColor;
				CODE_SIGN_ENTITLEMENTS = MyCodeAssistantHost/MyCodeAssistantHost.entitlements;
				CODE_SIGN_STYLE = Automatic;
				COMBINE_HIDPI_IMAGES = YES;
				CURRENT_PROJECT_VERSION = 1;
				DEVELOPMENT_TEAM = "";
				ENABLE_HARDENED_RUNTIME = YES;
				ENABLE_PREVIEWS = YES;
				GENERATE_INFOPLIST_FILE = YES;
				INFOPLIST_FILE = "MyCodeAssistantHost/MyCodeAssistantHost-Info.plist";
				INFOPLIST_KEY_NSHumanReadableCopyright = "";
				LD_RUNPATH_SEARCH_PATHS = (
					"$(inherited)",
					"@executable_path/../Frameworks",
				);
				MARKETING_VERSION = 1.0;
				PRODUCT_BUNDLE_IDENTIFIER = "com.example.MyCodeAssistantHost";
				PRODUCT_NAME = "$(TARGET_NAME)";
				SWIFT_EMIT_LOC_STRINGS = YES;
				SWIFT_VERSION = 5.0;
			};
			name = Debug;
		};
		1A2B3C4D5E6F7890ABCDEF25 /* Release */ = {
			isa = XCBuildConfiguration;
			buildSettings = {
				ASSETCATALOG_COMPILER_APPICON_NAME = AppIcon;
				ASSETCATALOG_COMPILER_GLOBAL_ACCENT_COLOR_NAME = AccentColor;
				CODE_SIGN_ENTITLEMENTS = MyCodeAssistantHost/MyCodeAssistantHost.entitlements;
				CODE_SIGN_STYLE = Automatic;
				COMBINE_HIDPI_IMAGES = YES;
				CURRENT_PROJECT_VERSION = 1;
				DEVELOPMENT_TEAM = "";
				ENABLE_HARDENED_RUNTIME = YES;
				ENABLE_PREVIEWS = YES;
				GENERATE_INFOPLIST_FILE = YES;
				INFOPLIST_FILE = "MyCodeAssistantHost/MyCodeAssistantHost-Info.plist";
				INFOPLIST_KEY_NSHumanReadableCopyright = "";
				LD_RUNPATH_SEARCH_PATHS = (
					"$(inherited)",
					"@executable_path/../Frameworks",
				);
				MARKETING_VERSION = 1.0;
				PRODUCT_BUNDLE_IDENTIFIER = "com.example.MyCodeAssistantHost";
				PRODUCT_NAME = "$(TARGET_NAME)";
				SWIFT_EMIT_LOC_STRINGS = YES;
				SWIFT_VERSION = 5.0;
			};
			name = Release;
		};
		1A2B3C4D5E6F7890ABCDEF26 /* Debug */ = {
			isa = XCBuildConfiguration;
			buildSettings = {
				CODE_SIGN_STYLE = Automatic;
				COMBINE_HIDPI_IMAGES = YES;
				CURRENT_PROJECT_VERSION = 1;
				DEVELOPMENT_TEAM = "";
				GENERATE_INFOPLIST_FILE = YES;
				INFOPLIST_FILE = "MyCodeAssistantExtension/MyCodeAssistantExtension-Info.plist";
				INFOPLIST_KEY_CFBundleDisplayName = MyCodeAssistantExtension;
				INFOPLIST_KEY_NSHumanReadableCopyright = "";
				LD_RUNPATH_SEARCH_PATHS = (
					"$(inherited)",
					"@executable_path/../Frameworks",
					"@executable_path/../../../../Frameworks",
				);
				MARKETING_VERSION = 1.0;
				PRODUCT_BUNDLE_IDENTIFIER = "com.example.MyCodeAssistantHost.MyCodeAssistantExtension";
				PRODUCT_NAME = "$(TARGET_NAME)";
				SKIP_INSTALL = YES;
				SWIFT_EMIT_LOC_STRINGS = YES;
				SWIFT_VERSION = 5.0;
			};
			name = Debug;
		};
		1A2B3C4D5E6F7890ABCDEF27 /* Release */ = {
			isa = XCBuildConfiguration;
			buildSettings = {
				CODE_SIGN_STYLE = Automatic;
				COMBINE_HIDPI_IMAGES = YES;
				CURRENT_PROJECT_VERSION = 1;
				DEVELOPMENT_TEAM = "";
				GENERATE_INFOPLIST_FILE = YES;
				INFOPLIST_FILE = "MyCodeAssistantExtension/MyCodeAssistantExtension-Info.plist";
				INFOPLIST_KEY_CFBundleDisplayName = MyCodeAssistantExtension;
				INFOPLIST_KEY_NSHumanReadableCopyright = "";
				LD_RUNPATH_SEARCH_PATHS = (
					"$(inherited)",
					"@executable_path/../Frameworks",
					"@executable_path/../../../../Frameworks",
				);
				MARKETING_VERSION = 1.0;
				PRODUCT_BUNDLE_IDENTIFIER = "com.example.MyCodeAssistantHost.MyCodeAssistantExtension";
				PRODUCT_NAME = "$(TARGET_NAME)";
				SKIP_INSTALL = YES;
				SWIFT_EMIT_LOC_STRINGS = YES;
				SWIFT_VERSION = 5.0;
			};
			name = Release;
		};
/* End XCBuildConfiguration section */

/* Begin XCConfigurationList section */
		1A2B3C4D5E6F7890ABCDEF18 /* Build configuration list for PBXNativeTarget "MyCodeAssistantHost" */ = {
			isa = XCConfigurationList;
			buildConfigurations = (
				1A2B3C4D5E6F7890ABCDEF24 /* Debug */,
				1A2B3C4D5E6F7890ABCDEF25 /* Release */,
			);
			defaultConfigurationIsVisible = 0;
			defaultConfigurationName = Release;
		};
		1A2B3C4D5E6F7890ABCDEF1C /* Build configuration list for PBXNativeTarget "MyCodeAssistantExtension" */ = {
			isa = XCConfigurationList;
			buildConfigurations = (
				1A2B3C4D5E6F7890ABCDEF26 /* Debug */,
				1A2B3C4D5E6F7890ABCDEF27 /* Release */,
			);
			defaultConfigurationIsVisible = 0;
			defaultConfigurationName = Release;
		};
		1A2B3C4D5E6F7890ABCDEF21 /* Build configuration list for PBXProject "MyCodeAssistant" */ = {
			isa = XCConfigurationList;
			buildConfigurations = (
				1A2B3C4D5E6F7890ABCDEF22 /* Debug */,
				1A2B3C4D5E6F7890ABCDEF23 /* Release */,
			);
			defaultConfigurationIsVisible = 0;
			defaultConfigurationName = Release;
		};
/* End XCConfigurationList section */
	};
	rootObject = 1A2B3C4D5E6F7890ABCDEF20 /* Project object */;
}